
Microsoft Visual Studio Solution File, Format Version 12.00
# Visual Studio Version 16
VisualStudioVersion = 16.0.29001.49
MinimumVisualStudioVersion = 10.0.40219.1
Project("{FAE04EC0-301F-11D3-BF4B-00C04F79EFBC}") = "TheCoolCRPG", "TheCoolCRPG\TheCoolCRPG.csproj", "{BA539E14-8D91-4305-8966-490712005EEC}"
EndProject
Global
	GlobalSection(SolutionConfigurationPlatforms) = preSolution
		Debug|Any CPU = Debug|Any CPU
		Release|Any CPU = Release|Any CPU
	EndGlobalSection
	GlobalSection(ProjectConfigurationPlatforms) = postSolution
		{BA539E14-8D91-4305-8966-490712005EEC}.Debug|Any CPU.ActiveCfg = Debug|Any CPU
		{BA539E14-8D91-4305-8966-490712005EEC}.Debug|Any CPU.Build.0 = Debug|Any CPU
		{BA539E14-8D91-4305-8966-490712005EEC}.Release|Any CPU.ActiveCfg = Release|Any CPU
		{BA539E14-8D91-4305-8966-490712005EEC}.Release|Any CPU.Build.0 = Release|Any CPU
	EndGlobalSection
	GlobalSection(SolutionProperties) = preSolution
		HideSolutionNode = FALSE
	EndGlobalSection
	GlobalSection(ExtensibilityGlobals) = postSolution
		SolutionGuid = {B6824923-86C1-46CA-B466-EA96123C262E}
	EndGlobalSection
EndGlobal
